
Microsoft Visual Studio Solution File, Format Version 12.00
# Visual Studio Version 17
VisualStudioVersion = 17.4.33213.308
MinimumVisualStudioVersion = 10.0.40219.1
Project("{FAE04EC0-301F-11D3-BF4B-00C04F79EFBC}") = "WebAPI", "WebAPI\WebAPI.csproj", "{39574EF2-D789-4E01-BCD3-DBADD1B4CF18}"
EndProject
Project("{2150E333-8FDC-42A3-9474-1A3956D46DE8}") = "src", "src", "{4B5B49F7-9718-4C79-8CDF-1D93AA1EF758}"
EndProject
Project("{2150E333-8FDC-42A3-9474-1A3956D46DE8}") = "Entities", "Entities", "{BC98994D-3B68-468B-AB16-8EDAAB0EA7F1}"
EndProject
Project("{2150E333-8FDC-42A3-9474-1A3956D46DE8}") = "Business", "Business", "{C3C13558-ACDE-455F-81FC-30866DF5F29E}"
EndProject
Project("{2150E333-8FDC-42A3-9474-1A3956D46DE8}") = "DataAccess", "DataAccess", "{6CA59CC7-72DE-4748-8F9C-A948B1E6A09A}"
EndProject
Project("{2150E333-8FDC-42A3-9474-1A3956D46DE8}") = "Presentation", "Presentation", "{57DF8AF5-7267-4628-BCDF-47944F64BE85}"
EndProject
Project("{FAE04EC0-301F-11D3-BF4B-00C04F79EFBC}") = "Business", "Business\Business.csproj", "{BF7969E9-D320-4E87-AA49-1893EEB44969}"
EndProject
Project("{FAE04EC0-301F-11D3-BF4B-00C04F79EFBC}") = "DataAccess", "DataAccess\DataAccess.csproj", "{38850A0A-2D47-4E75-9622-6A02B31A9EEA}"
EndProject
Project("{FAE04EC0-301F-11D3-BF4B-00C04F79EFBC}") = "Entities", "Entities\Entities.csproj", "{AB79E174-E40C-4FB6-A8CC-B2F11E0A2BA9}"
EndProject
Project("{2150E333-8FDC-42A3-9474-1A3956D46DE8}") = "Core", "Core", "{4308B87D-8852-4961-9B1A-D9A1A7C9F63F}"
EndProject
Project("{FAE04EC0-301F-11D3-BF4B-00C04F79EFBC}") = "Core", "Core\Core.csproj", "{450E2668-9161-4C93-A818-90A30017A55A}"
EndProject
Global
	GlobalSection(SolutionConfigurationPlatforms) = preSolution
		Debug|Any CPU = Debug|Any CPU
		Release|Any CPU = Release|Any CPU
	EndGlobalSection
	GlobalSection(ProjectConfigurationPlatforms) = postSolution
		{39574EF2-D789-4E01-BCD3-DBADD1B4CF18}.Debug|Any CPU.ActiveCfg = Debug|Any CPU
		{39574EF2-D789-4E01-BCD3-DBADD1B4CF18}.Debug|Any CPU.Build.0 = Debug|Any CPU
		{39574EF2-D789-4E01-BCD3-DBADD1B4CF18}.Release|Any CPU.ActiveCfg = Release|Any CPU
		{39574EF2-D789-4E01-BCD3-DBADD1B4CF18}.Release|Any CPU.Build.0 = Release|Any CPU
		{BF7969E9-D320-4E87-AA49-1893EEB44969}.Debug|Any CPU.ActiveCfg = Debug|Any CPU
		{BF7969E9-D320-4E87-AA49-1893EEB44969}.Debug|Any CPU.Build.0 = Debug|Any CPU
		{BF7969E9-D320-4E87-AA49-1893EEB44969}.Release|Any CPU.ActiveCfg = Release|Any CPU
		{BF7969E9-D320-4E87-AA49-1893EEB44969}.Release|Any CPU.Build.0 = Release|Any CPU
		{38850A0A-2D47-4E75-9622-6A02B31A9EEA}.Debug|Any CPU.ActiveCfg = Debug|Any CPU
		{38850A0A-2D47-4E75-9622-6A02B31A9EEA}.Debug|Any CPU.Build.0 = Debug|Any CPU
		{38850A0A-2D47-4E75-9622-6A02B31A9EEA}.Release|Any CPU.ActiveCfg = Release|Any CPU
		{38850A0A-2D47-4E75-9622-6A02B31A9EEA}.Release|Any CPU.Build.0 = Release|Any CPU
		{AB79E174-E40C-4FB6-A8CC-B2F11E0A2BA9}.Debug|Any CPU.ActiveCfg = Debug|Any CPU
		{AB79E174-E40C-4FB6-A8CC-B2F11E0A2BA9}.Debug|Any CPU.Build.0 = Debug|Any CPU
		{AB79E174-E40C-4FB6-A8CC-B2F11E0A2BA9}.Release|Any CPU.ActiveCfg = Release|Any CPU
		{AB79E174-E40C-4FB6-A8CC-B2F11E0A2BA9}.Release|Any CPU.Build.0 = Release|Any CPU
		{450E2668-9161-4C93-A818-90A30017A55A}.Debug|Any CPU.ActiveCfg = Debug|Any CPU
		{450E2668-9161-4C93-A818-90A30017A55A}.Debug|Any CPU.Build.0 = Debug|Any CPU
		{450E2668-9161-4C93-A818-90A30017A55A}.Release|Any CPU.ActiveCfg = Release|Any CPU
		{450E2668-9161-4C93-A818-90A30017A55A}.Release|Any CPU.Build.0 = Release|Any CPU
	EndGlobalSection
	GlobalSection(SolutionProperties) = preSolution
		HideSolutionNode = FALSE
	EndGlobalSection
	GlobalSection(NestedProjects) = preSolution
		{39574EF2-D789-4E01-BCD3-DBADD1B4CF18} = {57DF8AF5-7267-4628-BCDF-47944F64BE85}
		{BC98994D-3B68-468B-AB16-8EDAAB0EA7F1} = {4B5B49F7-9718-4C79-8CDF-1D93AA1EF758}
		{C3C13558-ACDE-455F-81FC-30866DF5F29E} = {4B5B49F7-9718-4C79-8CDF-1D93AA1EF758}
		{6CA59CC7-72DE-4748-8F9C-A948B1E6A09A} = {4B5B49F7-9718-4C79-8CDF-1D93AA1EF758}
		{57DF8AF5-7267-4628-BCDF-47944F64BE85} = {4B5B49F7-9718-4C79-8CDF-1D93AA1EF758}
		{BF7969E9-D320-4E87-AA49-1893EEB44969} = {C3C13558-ACDE-455F-81FC-30866DF5F29E}
		{38850A0A-2D47-4E75-9622-6A02B31A9EEA} = {6CA59CC7-72DE-4748-8F9C-A948B1E6A09A}
		{AB79E174-E40C-4FB6-A8CC-B2F11E0A2BA9} = {BC98994D-3B68-468B-AB16-8EDAAB0EA7F1}
		{4308B87D-8852-4961-9B1A-D9A1A7C9F63F} = {4B5B49F7-9718-4C79-8CDF-1D93AA1EF758}
		{450E2668-9161-4C93-A818-90A30017A55A} = {4308B87D-8852-4961-9B1A-D9A1A7C9F63F}
	EndGlobalSection
	GlobalSection(ExtensibilityGlobals) = postSolution
		SolutionGuid = {D96EBA74-0CE3-41C7-8231-BAA40C056A19}
	EndGlobalSection
EndGlobal
